
Microsoft Visual Studio Solution File, Format Version 12.00
# Visual Studio Version 17
VisualStudioVersion = 17.0.31903.59
MinimumVisualStudioVersion = 10.0.40219.1
Project("{2150E333-8FDC-42A3-9474-1A3956D46DE8}") = "src", "src", "{827E0CD3-B72D-47B6-A68D-7590B98EB39B}"
EndProject
Project("{FAE04EC0-301F-11D3-BF4B-00C04F79EFBC}") = "Invoice.Shared", "src\Invoice.Shared\Invoice.Shared.csproj", "{E119F344-ABD9-487A-80A1-180F37212521}"
EndProject
Project("{FAE04EC0-301F-11D3-BF4B-00C04F79EFBC}") = "Poc.QuestPdf", "src\Poc.QuestPdf\Poc.QuestPdf.csproj", "{B36C8235-E9A7-449C-99D8-2DA1A082DE5C}"
EndProject
Project("{FAE04EC0-301F-11D3-BF4B-00C04F79EFBC}") = "Poc.MigraDoc", "src\Poc.MigraDoc\Poc.MigraDoc.csproj", "{4B54BEC3-F79C-456A-883E-D857B2AFC6A3}"
EndProject
Project("{FAE04EC0-301F-11D3-BF4B-00C04F79EFBC}") = "Poc.IText", "src\Poc.IText\Poc.IText.csproj", "{3E5ABEB6-954B-4136-B366-51BA65380AAF}"
EndProject
Project("{FAE04EC0-301F-11D3-BF4B-00C04F79EFBC}") = "Poc.Syncfusion", "src\Poc.Syncfusion\Poc.Syncfusion.csproj", "{5360DEE9-A01B-4B04-8AA0-75B43E6D1FC4}"
EndProject
Project("{FAE04EC0-301F-11D3-BF4B-00C04F79EFBC}") = "Poc.Aspose", "src\Poc.Aspose\Poc.Aspose.csproj", "{AEE3E160-172E-4E09-A208-C98DD26B43DF}"
EndProject
Project("{FAE04EC0-301F-11D3-BF4B-00C04F79EFBC}") = "Poc.Telerik", "src\Poc.Telerik\Poc.Telerik.csproj", "{17C1CA79-0078-4B22-9CBF-612136082E56}"
EndProject
Project("{FAE04EC0-301F-11D3-BF4B-00C04F79EFBC}") = "Poc.Playwright", "src\Poc.Playwright\Poc.Playwright.csproj", "{3E2E682D-A695-4119-B8E0-EFCD6DA09CD6}"
EndProject
Project("{FAE04EC0-301F-11D3-BF4B-00C04F79EFBC}") = "Poc.PuppeteerSharp", "src\Poc.PuppeteerSharp\Poc.PuppeteerSharp.csproj", "{F4D64525-F4DC-474C-8FA8-DF8D65AE6D86}"
EndProject
Project("{FAE04EC0-301F-11D3-BF4B-00C04F79EFBC}") = "Poc.Gotenberg", "src\Poc.Gotenberg\Poc.Gotenberg.csproj", "{528D2257-9BC2-487B-81D2-E749BEA66E66}"
EndProject
Project("{FAE04EC0-301F-11D3-BF4B-00C04F79EFBC}") = "Poc.IronPdf", "src\Poc.IronPdf\Poc.IronPdf.csproj", "{5EEA7D80-C8D7-488A-A006-84B5A8573A39}"
EndProject
Global
	GlobalSection(SolutionConfigurationPlatforms) = preSolution
		Debug|Any CPU = Debug|Any CPU
		Debug|x64 = Debug|x64
		Debug|x86 = Debug|x86
		Release|Any CPU = Release|Any CPU
		Release|x64 = Release|x64
		Release|x86 = Release|x86
	EndGlobalSection
	GlobalSection(ProjectConfigurationPlatforms) = postSolution
		{E119F344-ABD9-487A-80A1-180F37212521}.Debug|Any CPU.ActiveCfg = Debug|Any CPU
		{E119F344-ABD9-487A-80A1-180F37212521}.Debug|Any CPU.Build.0 = Debug|Any CPU
		{E119F344-ABD9-487A-80A1-180F37212521}.Debug|x64.ActiveCfg = Debug|Any CPU
		{E119F344-ABD9-487A-80A1-180F37212521}.Debug|x64.Build.0 = Debug|Any CPU
		{E119F344-ABD9-487A-80A1-180F37212521}.Debug|x86.ActiveCfg = Debug|Any CPU
		{E119F344-ABD9-487A-80A1-180F37212521}.Debug|x86.Build.0 = Debug|Any CPU
		{E119F344-ABD9-487A-80A1-180F37212521}.Release|Any CPU.ActiveCfg = Release|Any CPU
		{E119F344-ABD9-487A-80A1-180F37212521}.Release|Any CPU.Build.0 = Release|Any CPU
		{E119F344-ABD9-487A-80A1-180F37212521}.Release|x64.ActiveCfg = Release|Any CPU
		{E119F344-ABD9-487A-80A1-180F37212521}.Release|x64.Build.0 = Release|Any CPU
		{E119F344-ABD9-487A-80A1-180F37212521}.Release|x86.ActiveCfg = Release|Any CPU
		{E119F344-ABD9-487A-80A1-180F37212521}.Release|x86.Build.0 = Release|Any CPU
		{B36C8235-E9A7-449C-99D8-2DA1A082DE5C}.Debug|Any CPU.ActiveCfg = Debug|Any CPU
		{B36C8235-E9A7-449C-99D8-2DA1A082DE5C}.Debug|Any CPU.Build.0 = Debug|Any CPU
		{B36C8235-E9A7-449C-99D8-2DA1A082DE5C}.Debug|x64.ActiveCfg = Debug|Any CPU
		{B36C8235-E9A7-449C-99D8-2DA1A082DE5C}.Debug|x64.Build.0 = Debug|Any CPU
		{B36C8235-E9A7-449C-99D8-2DA1A082DE5C}.Debug|x86.ActiveCfg = Debug|Any CPU
		{B36C8235-E9A7-449C-99D8-2DA1A082DE5C}.Debug|x86.Build.0 = Debug|Any CPU
		{B36C8235-E9A7-449C-99D8-2DA1A082DE5C}.Release|Any CPU.ActiveCfg = Release|Any CPU
		{B36C8235-E9A7-449C-99D8-2DA1A082DE5C}.Release|Any CPU.Build.0 = Release|Any CPU
		{B36C8235-E9A7-449C-99D8-2DA1A082DE5C}.Release|x64.ActiveCfg = Release|Any CPU
		{B36C8235-E9A7-449C-99D8-2DA1A082DE5C}.Release|x64.Build.0 = Release|Any CPU
		{B36C8235-E9A7-449C-99D8-2DA1A082DE5C}.Release|x86.ActiveCfg = Release|Any CPU
		{B36C8235-E9A7-449C-99D8-2DA1A082DE5C}.Release|x86.Build.0 = Release|Any CPU
		{4B54BEC3-F79C-456A-883E-D857B2AFC6A3}.Debug|Any CPU.ActiveCfg = Debug|Any CPU
		{4B54BEC3-F79C-456A-883E-D857B2AFC6A3}.Debug|Any CPU.Build.0 = Debug|Any CPU
		{4B54BEC3-F79C-456A-883E-D857B2AFC6A3}.Debug|x64.ActiveCfg = Debug|Any CPU
		{4B54BEC3-F79C-456A-883E-D857B2AFC6A3}.Debug|x64.Build.0 = Debug|Any CPU
		{4B54BEC3-F79C-456A-883E-D857B2AFC6A3}.Debug|x86.ActiveCfg = Debug|Any CPU
		{4B54BEC3-F79C-456A-883E-D857B2AFC6A3}.Debug|x86.Build.0 = Debug|Any CPU
		{4B54BEC3-F79C-456A-883E-D857B2AFC6A3}.Release|Any CPU.ActiveCfg = Release|Any CPU
		{4B54BEC3-F79C-456A-883E-D857B2AFC6A3}.Release|Any CPU.Build.0 = Release|Any CPU
		{4B54BEC3-F79C-456A-883E-D857B2AFC6A3}.Release|x64.ActiveCfg = Release|Any CPU
		{4B54BEC3-F79C-456A-883E-D857B2AFC6A3}.Release|x64.Build.0 = Release|Any CPU
		{4B54BEC3-F79C-456A-883E-D857B2AFC6A3}.Release|x86.ActiveCfg = Release|Any CPU
		{4B54BEC3-F79C-456A-883E-D857B2AFC6A3}.Release|x86.Build.0 = Release|Any CPU
		{3E5ABEB6-954B-4136-B366-51BA65380AAF}.Debug|Any CPU.ActiveCfg = Debug|Any CPU
		{3E5ABEB6-954B-4136-B366-51BA65380AAF}.Debug|Any CPU.Build.0 = Debug|Any CPU
		{3E5ABEB6-954B-4136-B366-51BA65380AAF}.Debug|x64.ActiveCfg = Debug|Any CPU
		{3E5ABEB6-954B-4136-B366-51BA65380AAF}.Debug|x64.Build.0 = Debug|Any CPU
		{3E5ABEB6-954B-4136-B366-51BA65380AAF}.Debug|x86.ActiveCfg = Debug|Any CPU
		{3E5ABEB6-954B-4136-B366-51BA65380AAF}.Debug|x86.Build.0 = Debug|Any CPU
		{3E5ABEB6-954B-4136-B366-51BA65380AAF}.Release|Any CPU.ActiveCfg = Release|Any CPU
		{3E5ABEB6-954B-4136-B366-51BA65380AAF}.Release|Any CPU.Build.0 = Release|Any CPU
		{3E5ABEB6-954B-4136-B366-51BA65380AAF}.Release|x64.ActiveCfg = Release|Any CPU
		{3E5ABEB6-954B-4136-B366-51BA65380AAF}.Release|x64.Build.0 = Release|Any CPU
		{3E5ABEB6-954B-4136-B366-51BA65380AAF}.Release|x86.ActiveCfg = Release|Any CPU
		{3E5ABEB6-954B-4136-B366-51BA65380AAF}.Release|x86.Build.0 = Release|Any CPU
		{5360DEE9-A01B-4B04-8AA0-75B43E6D1FC4}.Debug|Any CPU.ActiveCfg = Debug|Any CPU
		{5360DEE9-A01B-4B04-8AA0-75B43E6D1FC4}.Debug|Any CPU.Build.0 = Debug|Any CPU
		{5360DEE9-A01B-4B04-8AA0-75B43E6D1FC4}.Debug|x64.ActiveCfg = Debug|Any CPU
		{5360DEE9-A01B-4B04-8AA0-75B43E6D1FC4}.Debug|x64.Build.0 = Debug|Any CPU
		{5360DEE9-A01B-4B04-8AA0-75B43E6D1FC4}.Debug|x86.ActiveCfg = Debug|Any CPU
		{5360DEE9-A01B-4B04-8AA0-75B43E6D1FC4}.Debug|x86.Build.0 = Debug|Any CPU
		{5360DEE9-A01B-4B04-8AA0-75B43E6D1FC4}.Release|Any CPU.ActiveCfg = Release|Any CPU
		{5360DEE9-A01B-4B04-8AA0-75B43E6D1FC4}.Release|Any CPU.Build.0 = Release|Any CPU
		{5360DEE9-A01B-4B04-8AA0-75B43E6D1FC4}.Release|x64.ActiveCfg = Release|Any CPU
		{5360DEE9-A01B-4B04-8AA0-75B43E6D1FC4}.Release|x64.Build.0 = Release|Any CPU
		{5360DEE9-A01B-4B04-8AA0-75B43E6D1FC4}.Release|x86.ActiveCfg = Release|Any CPU
		{5360DEE9-A01B-4B04-8AA0-75B43E6D1FC4}.Release|x86.Build.0 = Release|Any CPU
		{AEE3E160-172E-4E09-A208-C98DD26B43DF}.Debug|Any CPU.ActiveCfg = Debug|Any CPU
		{AEE3E160-172E-4E09-A208-C98DD26B43DF}.Debug|Any CPU.Build.0 = Debug|Any CPU
		{AEE3E160-172E-4E09-A208-C98DD26B43DF}.Debug|x64.ActiveCfg = Debug|Any CPU
		{AEE3E160-172E-4E09-A208-C98DD26B43DF}.Debug|x64.Build.0 = Debug|Any CPU
		{AEE3E160-172E-4E09-A208-C98DD26B43DF}.Debug|x86.ActiveCfg = Debug|Any CPU
		{AEE3E160-172E-4E09-A208-C98DD26B43DF}.Debug|x86.Build.0 = Debug|Any CPU
		{AEE3E160-172E-4E09-A208-C98DD26B43DF}.Release|Any CPU.ActiveCfg = Release|Any CPU
		{AEE3E160-172E-4E09-A208-C98DD26B43DF}.Release|Any CPU.Build.0 = Release|Any CPU
		{AEE3E160-172E-4E09-A208-C98DD26B43DF}.Release|x64.ActiveCfg = Release|Any CPU
		{AEE3E160-172E-4E09-A208-C98DD26B43DF}.Release|x64.Build.0 = Release|Any CPU
		{AEE3E160-172E-4E09-A208-C98DD26B43DF}.Release|x86.ActiveCfg = Release|Any CPU
		{AEE3E160-172E-4E09-A208-C98DD26B43DF}.Release|x86.Build.0 = Release|Any CPU
		{17C1CA79-0078-4B22-9CBF-612136082E56}.Debug|Any CPU.ActiveCfg = Debug|Any CPU
		{17C1CA79-0078-4B22-9CBF-612136082E56}.Debug|Any CPU.Build.0 = Debug|Any CPU
		{17C1CA79-0078-4B22-9CBF-612136082E56}.Debug|x64.ActiveCfg = Debug|Any CPU
		{17C1CA79-0078-4B22-9CBF-612136082E56}.Debug|x64.Build.0 = Debug|Any CPU
		{17C1CA79-0078-4B22-9CBF-612136082E56}.Debug|x86.ActiveCfg = Debug|Any CPU
		{17C1CA79-0078-4B22-9CBF-612136082E56}.Debug|x86.Build.0 = Debug|Any CPU
		{17C1CA79-0078-4B22-9CBF-612136082E56}.Release|Any CPU.ActiveCfg = Release|Any CPU
		{17C1CA79-0078-4B22-9CBF-612136082E56}.Release|Any CPU.Build.0 = Release|Any CPU
		{17C1CA79-0078-4B22-9CBF-612136082E56}.Release|x64.ActiveCfg = Release|Any CPU
		{17C1CA79-0078-4B22-9CBF-612136082E56}.Release|x64.Build.0 = Release|Any CPU
		{17C1CA79-0078-4B22-9CBF-612136082E56}.Release|x86.ActiveCfg = Release|Any CPU
		{17C1CA79-0078-4B22-9CBF-612136082E56}.Release|x86.Build.0 = Release|Any CPU
		{3E2E682D-A695-4119-B8E0-EFCD6DA09CD6}.Debug|Any CPU.ActiveCfg = Debug|Any CPU
		{3E2E682D-A695-4119-B8E0-EFCD6DA09CD6}.Debug|Any CPU.Build.0 = Debug|Any CPU
		{3E2E682D-A695-4119-B8E0-EFCD6DA09CD6}.Debug|x64.ActiveCfg = Debug|Any CPU
		{3E2E682D-A695-4119-B8E0-EFCD6DA09CD6}.Debug|x64.Build.0 = Debug|Any CPU
		{3E2E682D-A695-4119-B8E0-EFCD6DA09CD6}.Debug|x86.ActiveCfg = Debug|Any CPU
		{3E2E682D-A695-4119-B8E0-EFCD6DA09CD6}.Debug|x86.Build.0 = Debug|Any CPU
		{3E2E682D-A695-4119-B8E0-EFCD6DA09CD6}.Release|Any CPU.ActiveCfg = Release|Any CPU
		{3E2E682D-A695-4119-B8E0-EFCD6DA09CD6}.Release|Any CPU.Build.0 = Release|Any CPU
		{3E2E682D-A695-4119-B8E0-EFCD6DA09CD6}.Release|x64.ActiveCfg = Release|Any CPU
		{3E2E682D-A695-4119-B8E0-EFCD6DA09CD6}.Release|x64.Build.0 = Release|Any CPU
		{3E2E682D-A695-4119-B8E0-EFCD6DA09CD6}.Release|x86.ActiveCfg = Release|Any CPU
		{3E2E682D-A695-4119-B8E0-EFCD6DA09CD6}.Release|x86.Build.0 = Release|Any CPU
		{F4D64525-F4DC-474C-8FA8-DF8D65AE6D86}.Debug|Any CPU.ActiveCfg = Debug|Any CPU
		{F4D64525-F4DC-474C-8FA8-DF8D65AE6D86}.Debug|Any CPU.Build.0 = Debug|Any CPU
		{F4D64525-F4DC-474C-8FA8-DF8D65AE6D86}.Debug|x64.ActiveCfg = Debug|Any CPU
		{F4D64525-F4DC-474C-8FA8-DF8D65AE6D86}.Debug|x64.Build.0 = Debug|Any CPU
		{F4D64525-F4DC-474C-8FA8-DF8D65AE6D86}.Debug|x86.ActiveCfg = Debug|Any CPU
		{F4D64525-F4DC-474C-8FA8-DF8D65AE6D86}.Debug|x86.Build.0 = Debug|Any CPU
		{F4D64525-F4DC-474C-8FA8-DF8D65AE6D86}.Release|Any CPU.ActiveCfg = Release|Any CPU
		{F4D64525-F4DC-474C-8FA8-DF8D65AE6D86}.Release|Any CPU.Build.0 = Release|Any CPU
		{F4D64525-F4DC-474C-8FA8-DF8D65AE6D86}.Release|x64.ActiveCfg = Release|Any CPU
		{F4D64525-F4DC-474C-8FA8-DF8D65AE6D86}.Release|x64.Build.0 = Release|Any CPU
		{F4D64525-F4DC-474C-8FA8-DF8D65AE6D86}.Release|x86.ActiveCfg = Release|Any CPU
		{F4D64525-F4DC-474C-8FA8-DF8D65AE6D86}.Release|x86.Build.0 = Release|Any CPU
		{528D2257-9BC2-487B-81D2-E749BEA66E66}.Debug|Any CPU.ActiveCfg = Debug|Any CPU
		{528D2257-9BC2-487B-81D2-E749BEA66E66}.Debug|Any CPU.Build.0 = Debug|Any CPU
		{528D2257-9BC2-487B-81D2-E749BEA66E66}.Debug|x64.ActiveCfg = Debug|Any CPU
		{528D2257-9BC2-487B-81D2-E749BEA66E66}.Debug|x64.Build.0 = Debug|Any CPU
		{528D2257-9BC2-487B-81D2-E749BEA66E66}.Debug|x86.ActiveCfg = Debug|Any CPU
		{528D2257-9BC2-487B-81D2-E749BEA66E66}.Debug|x86.Build.0 = Debug|Any CPU
		{528D2257-9BC2-487B-81D2-E749BEA66E66}.Release|Any CPU.ActiveCfg = Release|Any CPU
		{528D2257-9BC2-487B-81D2-E749BEA66E66}.Release|Any CPU.Build.0 = Release|Any CPU
		{528D2257-9BC2-487B-81D2-E749BEA66E66}.Release|x64.ActiveCfg = Release|Any CPU
		{528D2257-9BC2-487B-81D2-E749BEA66E66}.Release|x64.Build.0 = Release|Any CPU
		{528D2257-9BC2-487B-81D2-E749BEA66E66}.Release|x86.ActiveCfg = Release|Any CPU
		{528D2257-9BC2-487B-81D2-E749BEA66E66}.Release|x86.Build.0 = Release|Any CPU
		{5EEA7D80-C8D7-488A-A006-84B5A8573A39}.Debug|Any CPU.ActiveCfg = Debug|Any CPU
		{5EEA7D80-C8D7-488A-A006-84B5A8573A39}.Debug|Any CPU.Build.0 = Debug|Any CPU
		{5EEA7D80-C8D7-488A-A006-84B5A8573A39}.Debug|x64.ActiveCfg = Debug|Any CPU
		{5EEA7D80-C8D7-488A-A006-84B5A8573A39}.Debug|x64.Build.0 = Debug|Any CPU
		{5EEA7D80-C8D7-488A-A006-84B5A8573A39}.Debug|x86.ActiveCfg = Debug|Any CPU
		{5EEA7D80-C8D7-488A-A006-84B5A8573A39}.Debug|x86.Build.0 = Debug|Any CPU
		{5EEA7D80-C8D7-488A-A006-84B5A8573A39}.Release|Any CPU.ActiveCfg = Release|Any CPU
		{5EEA7D80-C8D7-488A-A006-84B5A8573A39}.Release|Any CPU.Build.0 = Release|Any CPU
		{5EEA7D80-C8D7-488A-A006-84B5A8573A39}.Release|x64.ActiveCfg = Release|Any CPU
		{5EEA7D80-C8D7-488A-A006-84B5A8573A39}.Release|x64.Build.0 = Release|Any CPU
		{5EEA7D80-C8D7-488A-A006-84B5A8573A39}.Release|x86.ActiveCfg = Release|Any CPU
		{5EEA7D80-C8D7-488A-A006-84B5A8573A39}.Release|x86.Build.0 = Release|Any CPU
	EndGlobalSection
	GlobalSection(SolutionProperties) = preSolution
		HideSolutionNode = FALSE
	EndGlobalSection
	GlobalSection(NestedProjects) = preSolution
		{E119F344-ABD9-487A-80A1-180F37212521} = {827E0CD3-B72D-47B6-A68D-7590B98EB39B}
		{B36C8235-E9A7-449C-99D8-2DA1A082DE5C} = {827E0CD3-B72D-47B6-A68D-7590B98EB39B}
		{4B54BEC3-F79C-456A-883E-D857B2AFC6A3} = {827E0CD3-B72D-47B6-A68D-7590B98EB39B}
		{3E5ABEB6-954B-4136-B366-51BA65380AAF} = {827E0CD3-B72D-47B6-A68D-7590B98EB39B}
		{5360DEE9-A01B-4B04-8AA0-75B43E6D1FC4} = {827E0CD3-B72D-47B6-A68D-7590B98EB39B}
		{AEE3E160-172E-4E09-A208-C98DD26B43DF} = {827E0CD3-B72D-47B6-A68D-7590B98EB39B}
		{17C1CA79-0078-4B22-9CBF-612136082E56} = {827E0CD3-B72D-47B6-A68D-7590B98EB39B}
		{3E2E682D-A695-4119-B8E0-EFCD6DA09CD6} = {827E0CD3-B72D-47B6-A68D-7590B98EB39B}
		{F4D64525-F4DC-474C-8FA8-DF8D65AE6D86} = {827E0CD3-B72D-47B6-A68D-7590B98EB39B}
		{528D2257-9BC2-487B-81D2-E749BEA66E66} = {827E0CD3-B72D-47B6-A68D-7590B98EB39B}
		{5EEA7D80-C8D7-488A-A006-84B5A8573A39} = {827E0CD3-B72D-47B6-A68D-7590B98EB39B}
	EndGlobalSection
EndGlobal
